// !$*UTF8*$!
{
	archiveVersion = 1;
	classes = {
	};
	objectVersion = 54;
	objects = {

/* Begin PBXBuildFile section */
		13D3BFD0DA16B4720889AB76 /* Pods_dcxios.framework in Frameworks */ = {isa = PBXBuildFile; fileRef = 798F62117391BDFB2AB943D5 /* Pods_dcxios.framework */; };
		77855EC92A16250100C5A043 /* Shop.swift in Sources */ = {isa = PBXBuildFile; fileRef = 77855EC82A16250100C5A043 /* Shop.swift */; };
		77A3BACF2A13332700BC2DFF /* CustomDisclosureGroup.swift in Sources */ = {isa = PBXBuildFile; fileRef = 77A3BACE2A13332700BC2DFF /* CustomDisclosureGroup.swift */; };
		77A3BAD42A13347E00BC2DFF /* mockdata.json in Resources */ = {isa = PBXBuildFile; fileRef = 77A3BAD32A13347E00BC2DFF /* mockdata.json */; };
		77A3BAD62A13B15700BC2DFF /* ListItemView.swift in Sources */ = {isa = PBXBuildFile; fileRef = 77A3BAD52A13B15700BC2DFF /* ListItemView.swift */; };
		914D7CCB2A0CA2E900ACDA98 /* ViewModel.swift in Sources */ = {isa = PBXBuildFile; fileRef = 914D7CCA2A0CA2E900ACDA98 /* ViewModel.swift */; };
		914D7CCD2A0CA3E600ACDA98 /* DCX001.swift in Sources */ = {isa = PBXBuildFile; fileRef = 914D7CCC2A0CA3E600ACDA98 /* DCX001.swift */; };
		914D7CCF2A0CA3F400ACDA98 /* DCX002.swift in Sources */ = {isa = PBXBuildFile; fileRef = 914D7CCE2A0CA3F400ACDA98 /* DCX002.swift */; };
		914D7CD52A0CA6D700ACDA98 /* FavoriteButton.swift in Sources */ = {isa = PBXBuildFile; fileRef = 914D7CD42A0CA6D700ACDA98 /* FavoriteButton.swift */; };
		91998EFA2A11E8B9003C09BE /* ViewChangeButton.swift in Sources */ = {isa = PBXBuildFile; fileRef = 91998EF92A11E8B9003C09BE /* ViewChangeButton.swift */; };
		91B9586E2A08BC7800C7F75C /* dcxiosApp.swift in Sources */ = {isa = PBXBuildFile; fileRef = 91B9586D2A08BC7800C7F75C /* dcxiosApp.swift */; };
		91B958702A08BC7900C7F75C /* ContentView.swift in Sources */ = {isa = PBXBuildFile; fileRef = 91B9586F2A08BC7900C7F75C /* ContentView.swift */; };
		91B958722A08BC7B00C7F75C /* Assets.xcassets in Resources */ = {isa = PBXBuildFile; fileRef = 91B958712A08BC7B00C7F75C /* Assets.xcassets */; };
		91B958752A08BC7B00C7F75C /* Preview Assets.xcassets in Resources */ = {isa = PBXBuildFile; fileRef = 91B958742A08BC7B00C7F75C /* Preview Assets.xcassets */; };
		91E77FD52A0E1EBC0039AD1E /* API.swift in Sources */ = {isa = PBXBuildFile; fileRef = 91E77FD42A0E1EBC0039AD1E /* API.swift */; };
/* End PBXBuildFile section */

/* Begin PBXFileReference section */
		77855EC82A16250100C5A043 /* Shop.swift */ = {isa = PBXFileReference; lastKnownFileType = sourcecode.swift; path = Shop.swift; sourceTree = "<group>"; };
		77A3BACE2A13332700BC2DFF /* CustomDisclosureGroup.swift */ = {isa = PBXFileReference; fileEncoding = 4; lastKnownFileType = sourcecode.swift; path = CustomDisclosureGroup.swift; sourceTree = "<group>"; };
		77A3BAD32A13347E00BC2DFF /* mockdata.json */ = {isa = PBXFileReference; lastKnownFileType = text.json; path = mockdata.json; sourceTree = "<group>"; };
		77A3BAD52A13B15700BC2DFF /* ListItemView.swift */ = {isa = PBXFileReference; lastKnownFileType = sourcecode.swift; path = ListItemView.swift; sourceTree = "<group>"; };
		798F62117391BDFB2AB943D5 /* Pods_dcxios.framework */ = {isa = PBXFileReference; explicitFileType = wrapper.framework; includeInIndex = 0; path = Pods_dcxios.framework; sourceTree = BUILT_PRODUCTS_DIR; };
		914D7CCA2A0CA2E900ACDA98 /* ViewModel.swift */ = {isa = PBXFileReference; lastKnownFileType = sourcecode.swift; path = ViewModel.swift; sourceTree = "<group>"; };
		914D7CCC2A0CA3E600ACDA98 /* DCX001.swift */ = {isa = PBXFileReference; lastKnownFileType = sourcecode.swift; path = DCX001.swift; sourceTree = "<group>"; };
		914D7CCE2A0CA3F400ACDA98 /* DCX002.swift */ = {isa = PBXFileReference; lastKnownFileType = sourcecode.swift; path = DCX002.swift; sourceTree = "<group>"; };
		914D7CD42A0CA6D700ACDA98 /* FavoriteButton.swift */ = {isa = PBXFileReference; lastKnownFileType = sourcecode.swift; path = FavoriteButton.swift; sourceTree = "<group>"; };
		91998EF92A11E8B9003C09BE /* ViewChangeButton.swift */ = {isa = PBXFileReference; lastKnownFileType = sourcecode.swift; path = ViewChangeButton.swift; sourceTree = "<group>"; };
		91B9586A2A08BC7800C7F75C /* dcxios.app */ = {isa = PBXFileReference; explicitFileType = wrapper.application; includeInIndex = 0; path = dcxios.app; sourceTree = BUILT_PRODUCTS_DIR; };
		91B9586D2A08BC7800C7F75C /* dcxiosApp.swift */ = {isa = PBXFileReference; lastKnownFileType = sourcecode.swift; path = dcxiosApp.swift; sourceTree = "<group>"; };
		91B9586F2A08BC7900C7F75C /* ContentView.swift */ = {isa = PBXFileReference; lastKnownFileType = sourcecode.swift; path = ContentView.swift; sourceTree = "<group>"; };
		91B958712A08BC7B00C7F75C /* Assets.xcassets */ = {isa = PBXFileReference; lastKnownFileType = folder.assetcatalog; path = Assets.xcassets; sourceTree = "<group>"; };
		91B958742A08BC7B00C7F75C /* Preview Assets.xcassets */ = {isa = PBXFileReference; lastKnownFileType = folder.assetcatalog; path = "Preview Assets.xcassets"; sourceTree = "<group>"; };
		91B9587B2A08BF9A00C7F75C /* Info.plist */ = {isa = PBXFileReference; lastKnownFileType = text.plist; path = Info.plist; sourceTree = "<group>"; };
		91E77FD42A0E1EBC0039AD1E /* API.swift */ = {isa = PBXFileReference; lastKnownFileType = sourcecode.swift; path = API.swift; sourceTree = "<group>"; };
		B125F6F5EB3864EE84407265 /* Pods-dcxios.debug.xcconfig */ = {isa = PBXFileReference; includeInIndex = 1; lastKnownFileType = text.xcconfig; name = "Pods-dcxios.debug.xcconfig"; path = "Target Support Files/Pods-dcxios/Pods-dcxios.debug.xcconfig"; sourceTree = "<group>"; };
		EB75530D5505DDA076862C30 /* Pods-dcxios.release.xcconfig */ = {isa = PBXFileReference; includeInIndex = 1; lastKnownFileType = text.xcconfig; name = "Pods-dcxios.release.xcconfig"; path = "Target Support Files/Pods-dcxios/Pods-dcxios.release.xcconfig"; sourceTree = "<group>"; };
/* End PBXFileReference section */

/* Begin PBXFrameworksBuildPhase section */
		91B958672A08BC7800C7F75C /* Frameworks */ = {
			isa = PBXFrameworksBuildPhase;
			buildActionMask = 2147483647;
			files = (
				13D3BFD0DA16B4720889AB76 /* Pods_dcxios.framework in Frameworks */,
			);
			runOnlyForDeploymentPostprocessing = 0;
		};
/* End PBXFrameworksBuildPhase section */

/* Begin PBXGroup section */
		77A3BAD22A13346400BC2DFF /* Resources */ = {
			isa = PBXGroup;
			children = (
				77A3BAD32A13347E00BC2DFF /* mockdata.json */,
			);
			path = Resources;
			sourceTree = "<group>";
		};
		914D7CC72A0CA2A400ACDA98 /* Views */ = {
			isa = PBXGroup;
			children = (
				91998EF82A11E88E003C09BE /* Component */,
				914D7CD12A0CA68600ACDA98 /* Exam */,
			);
			path = Views;
			sourceTree = "<group>";
		};
		914D7CC82A0CA2B600ACDA98 /* Models */ = {
			isa = PBXGroup;
			children = (
				914D7CCA2A0CA2E900ACDA98 /* ViewModel.swift */,
				77855EC82A16250100C5A043 /* Shop.swift */,
			);
			path = Models;
			sourceTree = "<group>";
		};
		914D7CD12A0CA68600ACDA98 /* Exam */ = {
			isa = PBXGroup;
			children = (
				914D7CCC2A0CA3E600ACDA98 /* DCX001.swift */,
				914D7CCE2A0CA3F400ACDA98 /* DCX002.swift */,
			);
			path = Exam;
			sourceTree = "<group>";
		};
		91998EF82A11E88E003C09BE /* Component */ = {
			isa = PBXGroup;
			children = (
				91998EF92A11E8B9003C09BE /* ViewChangeButton.swift */,
				77A3BACE2A13332700BC2DFF /* CustomDisclosureGroup.swift */,
				914D7CD42A0CA6D700ACDA98 /* FavoriteButton.swift */,
				77A3BAD52A13B15700BC2DFF /* ListItemView.swift */,
			);
			path = Component;
			sourceTree = "<group>";
		};
		91B958612A08BC7800C7F75C = {
			isa = PBXGroup;
			children = (
				91B9586C2A08BC7800C7F75C /* dcxios */,
				91B9586B2A08BC7800C7F75C /* Products */,
				9C64C6CA54C1890E2A558986 /* Pods */,
				C1AC7FDD8A28C7C458B932D2 /* Frameworks */,
			);
			sourceTree = "<group>";
		};
		91B9586B2A08BC7800C7F75C /* Products */ = {
			isa = PBXGroup;
			children = (
				91B9586A2A08BC7800C7F75C /* dcxios.app */,
			);
			name = Products;
			sourceTree = "<group>";
		};
		91B9586C2A08BC7800C7F75C /* dcxios */ = {
			isa = PBXGroup;
			children = (
				91B9587B2A08BF9A00C7F75C /* Info.plist */,
				91B9586D2A08BC7800C7F75C /* dcxiosApp.swift */,
				91B9586F2A08BC7900C7F75C /* ContentView.swift */,
				77A3BAD22A13346400BC2DFF /* Resources */,
				914D7CC72A0CA2A400ACDA98 /* Views */,
				914D7CC82A0CA2B600ACDA98 /* Models */,
				91E77FD62A0E22290039AD1E /* Utils */,
				91B958712A08BC7B00C7F75C /* Assets.xcassets */,
				91B958732A08BC7B00C7F75C /* Preview Content */,
			);
			path = dcxios;
			sourceTree = "<group>";
		};
		91B958732A08BC7B00C7F75C /* Preview Content */ = {
			isa = PBXGroup;
			children = (
				91B958742A08BC7B00C7F75C /* Preview Assets.xcassets */,
			);
			path = "Preview Content";
			sourceTree = "<group>";
		};
		91E77FD62A0E22290039AD1E /* Utils */ = {
			isa = PBXGroup;
			children = (
				91E77FD42A0E1EBC0039AD1E /* API.swift */,
			);
			path = Utils;
			sourceTree = "<group>";
		};
		9C64C6CA54C1890E2A558986 /* Pods */ = {
			isa = PBXGroup;
			children = (
				B125F6F5EB3864EE84407265 /* Pods-dcxios.debug.xcconfig */,
				EB75530D5505DDA076862C30 /* Pods-dcxios.release.xcconfig */,
			);
			path = Pods;
			sourceTree = "<group>";
		};
		C1AC7FDD8A28C7C458B932D2 /* Frameworks */ = {
			isa = PBXGroup;
			children = (
				798F62117391BDFB2AB943D5 /* Pods_dcxios.framework */,
			);
			name = Frameworks;
			sourceTree = "<group>";
		};
/* End PBXGroup section */

/* Begin PBXNativeTarget section */
		91B958692A08BC7800C7F75C /* dcxios */ = {
			isa = PBXNativeTarget;
			buildConfigurationList = 91B958782A08BC7B00C7F75C /* Build configuration list for PBXNativeTarget "dcxios" */;
			buildPhases = (
				9CF4E68AFCE2B0FE7D5DABAB /* [CP] Check Pods Manifest.lock */,
				91B958662A08BC7800C7F75C /* Sources */,
				91B958672A08BC7800C7F75C /* Frameworks */,
				91B958682A08BC7800C7F75C /* Resources */,
				056FED65151F32716819E9B2 /* [CP] Embed Pods Frameworks */,
			);
			buildRules = (
			);
			dependencies = (
			);
			name = dcxios;
			productName = dcxios;
			productReference = 91B9586A2A08BC7800C7F75C /* dcxios.app */;
			productType = "com.apple.product-type.application";
		};
/* End PBXNativeTarget section */

/* Begin PBXProject section */
		91B958622A08BC7800C7F75C /* Project object */ = {
			isa = PBXProject;
			attributes = {
				BuildIndependentTargetsInParallel = 1;
				LastSwiftUpdateCheck = 1420;
				LastUpgradeCheck = 1420;
				TargetAttributes = {
					91B958692A08BC7800C7F75C = {
						CreatedOnToolsVersion = 14.2;
					};
				};
			};
			buildConfigurationList = 91B958652A08BC7800C7F75C /* Build configuration list for PBXProject "dcxios" */;
			compatibilityVersion = "Xcode 12.0";
			developmentRegion = en;
			hasScannedForEncodings = 0;
			knownRegions = (
				en,
				Base,
			);
			mainGroup = 91B958612A08BC7800C7F75C;
			productRefGroup = 91B9586B2A08BC7800C7F75C /* Products */;
			projectDirPath = "";
			projectRoot = "";
			targets = (
				91B958692A08BC7800C7F75C /* dcxios */,
			);
		};
/* End PBXProject section */

/* Begin PBXResourcesBuildPhase section */
		91B958682A08BC7800C7F75C /* Resources */ = {
			isa = PBXResourcesBuildPhase;
			buildActionMask = 2147483647;
			files = (
				77A3BAD42A13347E00BC2DFF /* mockdata.json in Resources */,
				91B958752A08BC7B00C7F75C /* Preview Assets.xcassets in Resources */,
				91B958722A08BC7B00C7F75C /* Assets.xcassets in Resources */,
			);
			runOnlyForDeploymentPostprocessing = 0;
		};
/* End PBXResourcesBuildPhase section */

/* Begin PBXShellScriptBuildPhase section */
		056FED65151F32716819E9B2 /* [CP] Embed Pods Frameworks */ = {
			isa = PBXShellScriptBuildPhase;
			buildActionMask = 2147483647;
			files = (
			);
			inputFileListPaths = (
				"${PODS_ROOT}/Target Support Files/Pods-dcxios/Pods-dcxios-frameworks-${CONFIGURATION}-input-files.xcfilelist",
			);
			name = "[CP] Embed Pods Frameworks";
			outputFileListPaths = (
				"${PODS_ROOT}/Target Support Files/Pods-dcxios/Pods-dcxios-frameworks-${CONFIGURATION}-output-files.xcfilelist",
			);
			runOnlyForDeploymentPostprocessing = 0;
			shellPath = /bin/sh;
			shellScript = "\"${PODS_ROOT}/Target Support Files/Pods-dcxios/Pods-dcxios-frameworks.sh\"\n";
			showEnvVarsInLog = 0;
		};
		9CF4E68AFCE2B0FE7D5DABAB /* [CP] Check Pods Manifest.lock */ = {
			isa = PBXShellScriptBuildPhase;
			buildActionMask = 2147483647;
			files = (
			);
			inputFileListPaths = (
			);
			inputPaths = (
				"${PODS_PODFILE_DIR_PATH}/Podfile.lock",
				"${PODS_ROOT}/Manifest.lock",
			);
			name = "[CP] Check Pods Manifest.lock";
			outputFileListPaths = (
			);
			outputPaths = (
				"$(DERIVED_FILE_DIR)/Pods-dcxios-checkManifestLockResult.txt",
			);
			runOnlyForDeploymentPostprocessing = 0;
			shellPath = /bin/sh;
			shellScript = "diff \"${PODS_PODFILE_DIR_PATH}/Podfile.lock\" \"${PODS_ROOT}/Manifest.lock\" > /dev/null\nif [ $? != 0 ] ; then\n    # print error to STDERR\n    echo \"error: The sandbox is not in sync with the Podfile.lock. Run 'pod install' or update your CocoaPods installation.\" >&2\n    exit 1\nfi\n# This output is used by Xcode 'outputs' to avoid re-running this script phase.\necho \"SUCCESS\" > \"${SCRIPT_OUTPUT_FILE_0}\"\n";
			showEnvVarsInLog = 0;
		};
/* End PBXShellScriptBuildPhase section */

/* Begin PBXSourcesBuildPhase section */
		91B958662A08BC7800C7F75C /* Sources */ = {
			isa = PBXSourcesBuildPhase;
			buildActionMask = 2147483647;
			files = (
				91B958702A08BC7900C7F75C /* ContentView.swift in Sources */,
				914D7CCF2A0CA3F400ACDA98 /* DCX002.swift in Sources */,
				91B9586E2A08BC7800C7F75C /* dcxiosApp.swift in Sources */,
				77855EC92A16250100C5A043 /* Shop.swift in Sources */,
				914D7CD52A0CA6D700ACDA98 /* FavoriteButton.swift in Sources */,
				77A3BACF2A13332700BC2DFF /* CustomDisclosureGroup.swift in Sources */,
				77A3BAD62A13B15700BC2DFF /* ListItemView.swift in Sources */,
				914D7CCB2A0CA2E900ACDA98 /* ViewModel.swift in Sources */,
				91E77FD52A0E1EBC0039AD1E /* API.swift in Sources */,
				91998EFA2A11E8B9003C09BE /* ViewChangeButton.swift in Sources */,
				914D7CCD2A0CA3E600ACDA98 /* DCX001.swift in Sources */,
			);
			runOnlyForDeploymentPostprocessing = 0;
		};
/* End PBXSourcesBuildPhase section */

/* Begin XCBuildConfiguration section */
		91B958762A08BC7B00C7F75C /* Debug */ = {
			isa = XCBuildConfiguration;
			buildSettings = {
				ALWAYS_SEARCH_USER_PATHS = NO;
				CLANG_ANALYZER_NONNULL = YES;
				CLANG_ANALYZER_NUMBER_OBJECT_CONVERSION = YES_AGGRESSIVE;
				CLANG_CXX_LANGUAGE_STANDARD = "gnu++20";
				CLANG_ENABLE_MODULES = YES;
				CLANG_ENABLE_OBJC_ARC = YES;
				CLANG_ENABLE_OBJC_WEAK = YES;
				CLANG_WARN_BLOCK_CAPTURE_AUTORELEASING = YES;
				CLANG_WARN_BOOL_CONVERSION = YES;
				CLANG_WARN_COMMA = YES;
				CLANG_WARN_CONSTANT_CONVERSION = YES;
				CLANG_WARN_DEPRECATED_OBJC_IMPLEMENTATIONS = YES;
				CLANG_WARN_DIRECT_OBJC_ISA_USAGE = YES_ERROR;
				CLANG_WARN_DOCUMENTATION_COMMENTS = YES;
				CLANG_WARN_EMPTY_BODY = YES;
				CLANG_WARN_ENUM_CONVERSION = YES;
				CLANG_WARN_INFINITE_RECURSION = YES;
				CLANG_WARN_INT_CONVERSION = YES;
				CLANG_WARN_NON_LITERAL_NULL_CONVERSION = YES;
				CLANG_WARN_OBJC_IMPLICIT_RETAIN_SELF = YES;
				CLANG_WARN_OBJC_LITERAL_CONVERSION = YES;
				CLANG_WARN_OBJC_ROOT_CLASS = YES_ERROR;
				CLANG_WARN_QUOTED_INCLUDE_IN_FRAMEWORK_HEADER = YES;
				CLANG_WARN_RANGE_LOOP_ANALYSIS = YES;
				CLANG_WARN_STRICT_PROTOTYPES = YES;
				CLANG_WARN_SUSPICIOUS_MOVE = YES;
				CLANG_WARN_UNGUARDED_AVAILABILITY = YES_AGGRESSIVE;
				CLANG_WARN_UNREACHABLE_CODE = YES;
				CLANG_WARN__DUPLICATE_METHOD_MATCH = YES;
				COPY_PHASE_STRIP = NO;
				DEBUG_INFORMATION_FORMAT = dwarf;
				ENABLE_STRICT_OBJC_MSGSEND = YES;
				ENABLE_TESTABILITY = YES;
				GCC_C_LANGUAGE_STANDARD = gnu11;
				GCC_DYNAMIC_NO_PIC = NO;
				GCC_NO_COMMON_BLOCKS = YES;
				GCC_OPTIMIZATION_LEVEL = 0;
				GCC_PREPROCESSOR_DEFINITIONS = (
					"DEBUG=1",
					"$(inherited)",
				);
				GCC_WARN_64_TO_32_BIT_CONVERSION = YES;
				GCC_WARN_ABOUT_RETURN_TYPE = YES_ERROR;
				GCC_WARN_UNDECLARED_SELECTOR = YES;
				GCC_WARN_UNINITIALIZED_AUTOS = YES_AGGRESSIVE;
				GCC_WARN_UNUSED_FUNCTION = YES;
				GCC_WARN_UNUSED_VARIABLE = YES;
				IPHONEOS_DEPLOYMENT_TARGET = 14.4;
				MTL_ENABLE_DEBUG_INFO = INCLUDE_SOURCE;
				MTL_FAST_MATH = YES;
				ONLY_ACTIVE_ARCH = YES;
				SDKROOT = iphoneos;
				SWIFT_ACTIVE_COMPILATION_CONDITIONS = DEBUG;
				SWIFT_OPTIMIZATION_LEVEL = "-Onone";
			};
			name = Debug;
		};
		91B958772A08BC7B00C7F75C /* Release */ = {
			isa = XCBuildConfiguration;
			buildSettings = {
				ALWAYS_SEARCH_USER_PATHS = NO;
				CLANG_ANALYZER_NONNULL = YES;
				CLANG_ANALYZER_NUMBER_OBJECT_CONVERSION = YES_AGGRESSIVE;
				CLANG_CXX_LANGUAGE_STANDARD = "gnu++20";
				CLANG_ENABLE_MODULES = YES;
				CLANG_ENABLE_OBJC_ARC = YES;
				CLANG_ENABLE_OBJC_WEAK = YES;
				CLANG_WARN_BLOCK_CAPTURE_AUTORELEASING = YES;
				CLANG_WARN_BOOL_CONVERSION = YES;
				CLANG_WARN_COMMA = YES;
				CLANG_WARN_CONSTANT_CONVERSION = YES;
				CLANG_WARN_DEPRECATED_OBJC_IMPLEMENTATIONS = YES;
				CLANG_WARN_DIRECT_OBJC_ISA_USAGE = YES_ERROR;
				CLANG_WARN_DOCUMENTATION_COMMENTS = YES;
				CLANG_WARN_EMPTY_BODY = YES;
				CLANG_WARN_ENUM_CONVERSION = YES;
				CLANG_WARN_INFINITE_RECURSION = YES;
				CLANG_WARN_INT_CONVERSION = YES;
				CLANG_WARN_NON_LITERAL_NULL_CONVERSION = YES;
				CLANG_WARN_OBJC_IMPLICIT_RETAIN_SELF = YES;
				CLANG_WARN_OBJC_LITERAL_CONVERSION = YES;
				CLANG_WARN_OBJC_ROOT_CLASS = YES_ERROR;
				CLANG_WARN_QUOTED_INCLUDE_IN_FRAMEWORK_HEADER = YES;
				CLANG_WARN_RANGE_LOOP_ANALYSIS = YES;
				CLANG_WARN_STRICT_PROTOTYPES = YES;
				CLANG_WARN_SUSPICIOUS_MOVE = YES;
				CLANG_WARN_UNGUARDED_AVAILABILITY = YES_AGGRESSIVE;
				CLANG_WARN_UNREACHABLE_CODE = YES;
				CLANG_WARN__DUPLICATE_METHOD_MATCH = YES;
				COPY_PHASE_STRIP = NO;
				DEBUG_INFORMATION_FORMAT = "dwarf-with-dsym";
				ENABLE_NS_ASSERTIONS = NO;
				ENABLE_STRICT_OBJC_MSGSEND = YES;
				GCC_C_LANGUAGE_STANDARD = gnu11;
				GCC_NO_COMMON_BLOCKS = YES;
				GCC_WARN_64_TO_32_BIT_CONVERSION = YES;
				GCC_WARN_ABOUT_RETURN_TYPE = YES_ERROR;
				GCC_WARN_UNDECLARED_SELECTOR = YES;
				GCC_WARN_UNINITIALIZED_AUTOS = YES_AGGRESSIVE;
				GCC_WARN_UNUSED_FUNCTION = YES;
				GCC_WARN_UNUSED_VARIABLE = YES;
				IPHONEOS_DEPLOYMENT_TARGET = 14.4;
				MTL_ENABLE_DEBUG_INFO = NO;
				MTL_FAST_MATH = YES;
				SDKROOT = iphoneos;
				SWIFT_COMPILATION_MODE = wholemodule;
				SWIFT_OPTIMIZATION_LEVEL = "-O";
				VALIDATE_PRODUCT = YES;
			};
			name = Release;
		};
		91B958792A08BC7B00C7F75C /* Debug */ = {
			isa = XCBuildConfiguration;
			baseConfigurationReference = B125F6F5EB3864EE84407265 /* Pods-dcxios.debug.xcconfig */;
			buildSettings = {
				ASSETCATALOG_COMPILER_APPICON_NAME = AppIcon;
				ASSETCATALOG_COMPILER_GLOBAL_ACCENT_COLOR_NAME = AccentColor;
				CODE_SIGN_STYLE = Automatic;
				CURRENT_PROJECT_VERSION = 1;
				DEVELOPMENT_ASSET_PATHS = "\"dcxios/Preview Content\"";
				DEVELOPMENT_TEAM = UPW8L2KAS5;
				ENABLE_PREVIEWS = YES;
				GENERATE_INFOPLIST_FILE = YES;
				INFOPLIST_FILE = dcxios/Info.plist;
				INFOPLIST_KEY_UIApplicationSceneManifest_Generation = YES;
				INFOPLIST_KEY_UIApplicationSupportsIndirectInputEvents = YES;
				INFOPLIST_KEY_UILaunchScreen_Generation = YES;
				INFOPLIST_KEY_UISupportedInterfaceOrientations_iPad = "UIInterfaceOrientationPortrait UIInterfaceOrientationPortraitUpsideDown UIInterfaceOrientationLandscapeLeft UIInterfaceOrientationLandscapeRight";
				INFOPLIST_KEY_UISupportedInterfaceOrientations_iPhone = "UIInterfaceOrientationPortrait UIInterfaceOrientationLandscapeLeft UIInterfaceOrientationLandscapeRight";
				LD_RUNPATH_SEARCH_PATHS = (
					"$(inherited)",
					"@executable_path/Frameworks",
				);
				MARKETING_VERSION = 1.0;
				PRODUCT_BUNDLE_IDENTIFIER = kukgini.dcxios;
				PRODUCT_NAME = "$(TARGET_NAME)";
				SWIFT_EMIT_LOC_STRINGS = YES;
				SWIFT_VERSION = 5.0;
				TARGETED_DEVICE_FAMILY = "1,2";
			};
			name = Debug;
		};
		91B9587A2A08BC7B00C7F75C /* Release */ = {
			isa = XCBuildConfiguration;
			baseConfigurationReference = EB75530D5505DDA076862C30 /* Pods-dcxios.release.xcconfig */;
			buildSettings = {
				ASSETCATALOG_COMPILER_APPICON_NAME = AppIcon;
				ASSETCATALOG_COMPILER_GLOBAL_ACCENT_COLOR_NAME = AccentColor;
				CODE_SIGN_STYLE = Automatic;
				CURRENT_PROJECT_VERSION = 1;
				DEVELOPMENT_ASSET_PATHS = "\"dcxios/Preview Content\"";
				DEVELOPMENT_TEAM = UPW8L2KAS5;
				ENABLE_PREVIEWS = YES;
				GENERATE_INFOPLIST_FILE = YES;
				INFOPLIST_FILE = dcxios/Info.plist;
				INFOPLIST_KEY_UIApplicationSceneManifest_Generation = YES;
				INFOPLIST_KEY_UIApplicationSupportsIndirectInputEvents = YES;
				INFOPLIST_KEY_UILaunchScreen_Generation = YES;
				INFOPLIST_KEY_UISupportedInterfaceOrientations_iPad = "UIInterfaceOrientationPortrait UIInterfaceOrientationPortraitUpsideDown UIInterfaceOrientationLandscapeLeft UIInterfaceOrientationLandscapeRight";
				INFOPLIST_KEY_UISupportedInterfaceOrientations_iPhone = "UIInterfaceOrientationPortrait UIInterfaceOrientationLandscapeLeft UIInterfaceOrientationLandscapeRight";
				LD_RUNPATH_SEARCH_PATHS = (
					"$(inherited)",
					"@executable_path/Frameworks",
				);
				MARKETING_VERSION = 1.0;
				PRODUCT_BUNDLE_IDENTIFIER = kukgini.dcxios;
				PRODUCT_NAME = "$(TARGET_NAME)";
				SWIFT_EMIT_LOC_STRINGS = YES;
				SWIFT_VERSION = 5.0;
				TARGETED_DEVICE_FAMILY = "1,2";
			};
			name = Release;
		};
/* End XCBuildConfiguration section */

/* Begin XCConfigurationList section */
		91B958652A08BC7800C7F75C /* Build configuration list for PBXProject "dcxios" */ = {
			isa = XCConfigurationList;
			buildConfigurations = (
				91B958762A08BC7B00C7F75C /* Debug */,
				91B958772A08BC7B00C7F75C /* Release */,
			);
			defaultConfigurationIsVisible = 0;
			defaultConfigurationName = Release;
		};
		91B958782A08BC7B00C7F75C /* Build configuration list for PBXNativeTarget "dcxios" */ = {
			isa = XCConfigurationList;
			buildConfigurations = (
				91B958792A08BC7B00C7F75C /* Debug */,
				91B9587A2A08BC7B00C7F75C /* Release */,
			);
			defaultConfigurationIsVisible = 0;
			defaultConfigurationName = Release;
		};
/* End XCConfigurationList section */
	};
	rootObject = 91B958622A08BC7800C7F75C /* Project object */;
}
